// !$*UTF8*$!
{
	archiveVersion = 1;
	classes = {
	};
	objectVersion = 56;
	objects = {

/* Begin PBXBuildFile section */
		493A4DE42B0DB735007302A1 /* explosion.sks in Resources */ = {isa = PBXBuildFile; fileRef = 493A4DE32B0DB735007302A1 /* explosion.sks */; };
		493A4DE62B0DB7F5007302A1 /* hit.sks in Resources */ = {isa = PBXBuildFile; fileRef = 493A4DE52B0DB7F5007302A1 /* hit.sks */; };
		49430B3D2B632DDC00D9B565 /* ClearScene.swift in Sources */ = {isa = PBXBuildFile; fileRef = 49430B3C2B632DDC00D9B565 /* ClearScene.swift */; };
		49430B3F2B63308D00D9B565 /* MenuScene.swift in Sources */ = {isa = PBXBuildFile; fileRef = 49430B3E2B63308D00D9B565 /* MenuScene.swift */; };
		49883FE02ADFAA31005A6511 /* AppDelegate.swift in Sources */ = {isa = PBXBuildFile; fileRef = 49883FDF2ADFAA31005A6511 /* AppDelegate.swift */; };
		49883FE22ADFAA31005A6511 /* GameScene.sks in Resources */ = {isa = PBXBuildFile; fileRef = 49883FE12ADFAA31005A6511 /* GameScene.sks */; };
		49883FE42ADFAA31005A6511 /* Actions.sks in Resources */ = {isa = PBXBuildFile; fileRef = 49883FE32ADFAA31005A6511 /* Actions.sks */; };
		49883FE62ADFAA31005A6511 /* GameScene.swift in Sources */ = {isa = PBXBuildFile; fileRef = 49883FE52ADFAA31005A6511 /* GameScene.swift */; };
		49883FE82ADFAA31005A6511 /* GameViewController.swift in Sources */ = {isa = PBXBuildFile; fileRef = 49883FE72ADFAA31005A6511 /* GameViewController.swift */; };
		49883FEB2ADFAA31005A6511 /* Main.storyboard in Resources */ = {isa = PBXBuildFile; fileRef = 49883FE92ADFAA31005A6511 /* Main.storyboard */; };
		49883FED2ADFAA33005A6511 /* Assets.xcassets in Resources */ = {isa = PBXBuildFile; fileRef = 49883FEC2ADFAA33005A6511 /* Assets.xcassets */; };
		49883FF02ADFAA33005A6511 /* LaunchScreen.storyboard in Resources */ = {isa = PBXBuildFile; fileRef = 49883FEE2ADFAA33005A6511 /* LaunchScreen.storyboard */; };
		49883FF72ADFB768005A6511 /* starfield.sks in Resources */ = {isa = PBXBuildFile; fileRef = 49883FF62ADFB768005A6511 /* starfield.sks */; };
		49883FF92ADFCDA1005A6511 /* Constants.swift in Sources */ = {isa = PBXBuildFile; fileRef = 49883FF82ADFCDA1005A6511 /* Constants.swift */; };
		49883FFB2ADFD43E005A6511 /* Player.swift in Sources */ = {isa = PBXBuildFile; fileRef = 49883FFA2ADFD43E005A6511 /* Player.swift */; };
		49981E522B21765400329895 /* Hud.swift in Sources */ = {isa = PBXBuildFile; fileRef = 49981E512B21765400329895 /* Hud.swift */; };
		49981E542B21799500329895 /* Minercraftory.ttf in Resources */ = {isa = PBXBuildFile; fileRef = 49981E532B21799500329895 /* Minercraftory.ttf */; };
		499D134C2AFC938100F887B5 /* playerThruster.sks in Resources */ = {isa = PBXBuildFile; fileRef = 499D134B2AFC938100F887B5 /* playerThruster.sks */; };
		499D134E2AFC94D300F887B5 /* enemyThruster.sks in Resources */ = {isa = PBXBuildFile; fileRef = 499D134D2AFC94D300F887B5 /* enemyThruster.sks */; };
		49A3BA6A2B69F30B005C554B /* fxExplosion.mp3 in Resources */ = {isa = PBXBuildFile; fileRef = 49A3BA642B69F30A005C554B /* fxExplosion.mp3 */; };
		49A3BA6B2B69F30B005C554B /* bgmMain.mp3 in Resources */ = {isa = PBXBuildFile; fileRef = 49A3BA652B69F30B005C554B /* bgmMain.mp3 */; };
		49A3BA6C2B69F30B005C554B /* bgmTitle.mp3 in Resources */ = {isa = PBXBuildFile; fileRef = 49A3BA662B69F30B005C554B /* bgmTitle.mp3 */; };
		49A3BA6D2B69F30B005C554B /* fxBossFire.mp3 in Resources */ = {isa = PBXBuildFile; fileRef = 49A3BA672B69F30B005C554B /* fxBossFire.mp3 */; };
		49A3BA6E2B69F30B005C554B /* fxPlayerFire.mp3 in Resources */ = {isa = PBXBuildFile; fileRef = 49A3BA682B69F30B005C554B /* fxPlayerFire.mp3 */; };
		49A3BA6F2B69F30B005C554B /* fxItem.mp3 in Resources */ = {isa = PBXBuildFile; fileRef = 49A3BA692B69F30B005C554B /* fxItem.mp3 */; };
		C7B5804564AFC3DC0B9C06E1 /* Pods_ShootingGame.framework in Frameworks */ = {isa = PBXBuildFile; fileRef = 1228C9F8BFBC1A0C20368DCE /* Pods_ShootingGame.framework */; };
		EC72CFEB2B25CB61002BA17D /* Boss.swift in Sources */ = {isa = PBXBuildFile; fileRef = EC72CFEA2B25CB61002BA17D /* Boss.swift */; };
/* End PBXBuildFile section */

/* Begin PBXFileReference section */
		1228C9F8BFBC1A0C20368DCE /* Pods_ShootingGame.framework */ = {isa = PBXFileReference; explicitFileType = wrapper.framework; includeInIndex = 0; path = Pods_ShootingGame.framework; sourceTree = BUILT_PRODUCTS_DIR; };
		493A4DE32B0DB735007302A1 /* explosion.sks */ = {isa = PBXFileReference; lastKnownFileType = file.sks; path = explosion.sks; sourceTree = "<group>"; };
		493A4DE52B0DB7F5007302A1 /* hit.sks */ = {isa = PBXFileReference; lastKnownFileType = file.sks; path = hit.sks; sourceTree = "<group>"; };
		49430B3C2B632DDC00D9B565 /* ClearScene.swift */ = {isa = PBXFileReference; lastKnownFileType = sourcecode.swift; path = ClearScene.swift; sourceTree = "<group>"; };
		49430B3E2B63308D00D9B565 /* MenuScene.swift */ = {isa = PBXFileReference; lastKnownFileType = sourcecode.swift; path = MenuScene.swift; sourceTree = "<group>"; };
		49883FDC2ADFAA31005A6511 /* ShootingGame.app */ = {isa = PBXFileReference; explicitFileType = wrapper.application; includeInIndex = 0; path = ShootingGame.app; sourceTree = BUILT_PRODUCTS_DIR; };
		49883FDF2ADFAA31005A6511 /* AppDelegate.swift */ = {isa = PBXFileReference; lastKnownFileType = sourcecode.swift; path = AppDelegate.swift; sourceTree = "<group>"; };
		49883FE12ADFAA31005A6511 /* GameScene.sks */ = {isa = PBXFileReference; lastKnownFileType = file.sks; path = GameScene.sks; sourceTree = "<group>"; };
		49883FE32ADFAA31005A6511 /* Actions.sks */ = {isa = PBXFileReference; lastKnownFileType = file.sks; path = Actions.sks; sourceTree = "<group>"; };
		49883FE52ADFAA31005A6511 /* GameScene.swift */ = {isa = PBXFileReference; lastKnownFileType = sourcecode.swift; path = GameScene.swift; sourceTree = "<group>"; };
		49883FE72ADFAA31005A6511 /* GameViewController.swift */ = {isa = PBXFileReference; lastKnownFileType = sourcecode.swift; path = GameViewController.swift; sourceTree = "<group>"; };
		49883FEA2ADFAA31005A6511 /* Base */ = {isa = PBXFileReference; lastKnownFileType = file.storyboard; name = Base; path = Base.lproj/Main.storyboard; sourceTree = "<group>"; };
		49883FEC2ADFAA33005A6511 /* Assets.xcassets */ = {isa = PBXFileReference; lastKnownFileType = folder.assetcatalog; path = Assets.xcassets; sourceTree = "<group>"; };
		49883FEF2ADFAA33005A6511 /* Base */ = {isa = PBXFileReference; lastKnownFileType = file.storyboard; name = Base; path = Base.lproj/LaunchScreen.storyboard; sourceTree = "<group>"; };
		49883FF62ADFB768005A6511 /* starfield.sks */ = {isa = PBXFileReference; lastKnownFileType = file.sks; path = starfield.sks; sourceTree = "<group>"; };
		49883FF82ADFCDA1005A6511 /* Constants.swift */ = {isa = PBXFileReference; lastKnownFileType = sourcecode.swift; path = Constants.swift; sourceTree = "<group>"; };
		49883FFA2ADFD43E005A6511 /* Player.swift */ = {isa = PBXFileReference; lastKnownFileType = sourcecode.swift; path = Player.swift; sourceTree = "<group>"; };
		49981E512B21765400329895 /* Hud.swift */ = {isa = PBXFileReference; lastKnownFileType = sourcecode.swift; path = Hud.swift; sourceTree = "<group>"; };
		49981E532B21799500329895 /* Minercraftory.ttf */ = {isa = PBXFileReference; lastKnownFileType = file; path = Minercraftory.ttf; sourceTree = "<group>"; };
		49981E572B217AB200329895 /* Info.plist */ = {isa = PBXFileReference; lastKnownFileType = text.plist; path = Info.plist; sourceTree = "<group>"; };
		499D134B2AFC938100F887B5 /* playerThruster.sks */ = {isa = PBXFileReference; lastKnownFileType = file.sks; path = playerThruster.sks; sourceTree = "<group>"; };
		499D134D2AFC94D300F887B5 /* enemyThruster.sks */ = {isa = PBXFileReference; lastKnownFileType = file.sks; path = enemyThruster.sks; sourceTree = "<group>"; };
		49A3BA642B69F30A005C554B /* fxExplosion.mp3 */ = {isa = PBXFileReference; lastKnownFileType = audio.mp3; path = fxExplosion.mp3; sourceTree = "<group>"; };
		49A3BA652B69F30B005C554B /* bgmMain.mp3 */ = {isa = PBXFileReference; lastKnownFileType = audio.mp3; path = bgmMain.mp3; sourceTree = "<group>"; };
		49A3BA662B69F30B005C554B /* bgmTitle.mp3 */ = {isa = PBXFileReference; lastKnownFileType = audio.mp3; path = bgmTitle.mp3; sourceTree = "<group>"; };
		49A3BA672B69F30B005C554B /* fxBossFire.mp3 */ = {isa = PBXFileReference; lastKnownFileType = audio.mp3; path = fxBossFire.mp3; sourceTree = "<group>"; };
		49A3BA682B69F30B005C554B /* fxPlayerFire.mp3 */ = {isa = PBXFileReference; lastKnownFileType = audio.mp3; path = fxPlayerFire.mp3; sourceTree = "<group>"; };
		49A3BA692B69F30B005C554B /* fxItem.mp3 */ = {isa = PBXFileReference; lastKnownFileType = audio.mp3; path = fxItem.mp3; sourceTree = "<group>"; };
		626BF10FA6C707F9541DEF1A /* Pods-ShootingGame.debug.xcconfig */ = {isa = PBXFileReference; includeInIndex = 1; lastKnownFileType = text.xcconfig; name = "Pods-ShootingGame.debug.xcconfig"; path = "Target Support Files/Pods-ShootingGame/Pods-ShootingGame.debug.xcconfig"; sourceTree = "<group>"; };
		67B607702822B841CFB2A634 /* Pods-ShootingGame.release.xcconfig */ = {isa = PBXFileReference; includeInIndex = 1; lastKnownFileType = text.xcconfig; name = "Pods-ShootingGame.release.xcconfig"; path = "Target Support Files/Pods-ShootingGame/Pods-ShootingGame.release.xcconfig"; sourceTree = "<group>"; };
		EC72CFEA2B25CB61002BA17D /* Boss.swift */ = {isa = PBXFileReference; lastKnownFileType = sourcecode.swift; path = Boss.swift; sourceTree = "<group>"; };
/* End PBXFileReference section */

/* Begin PBXFrameworksBuildPhase section */
		49883FD92ADFAA31005A6511 /* Frameworks */ = {
			isa = PBXFrameworksBuildPhase;
			buildActionMask = 2147483647;
			files = (
				C7B5804564AFC3DC0B9C06E1 /* Pods_ShootingGame.framework in Frameworks */,
			);
			runOnlyForDeploymentPostprocessing = 0;
		};
/* End PBXFrameworksBuildPhase section */

/* Begin PBXGroup section */
		1EF6DBFA79B50C4D42FE5100 /* Frameworks */ = {
			isa = PBXGroup;
			children = (
				1228C9F8BFBC1A0C20368DCE /* Pods_ShootingGame.framework */,
			);
			name = Frameworks;
			sourceTree = "<group>";
		};
		49883FD32ADFAA31005A6511 = {
			isa = PBXGroup;
			children = (
				49883FDE2ADFAA31005A6511 /* ShootingGame */,
				49883FDD2ADFAA31005A6511 /* Products */,
				FAADD74DDD8CF5D3267FDF6E /* Pods */,
				1EF6DBFA79B50C4D42FE5100 /* Frameworks */,
			);
			sourceTree = "<group>";
		};
		49883FDD2ADFAA31005A6511 /* Products */ = {
			isa = PBXGroup;
			children = (
				49883FDC2ADFAA31005A6511 /* ShootingGame.app */,
			);
			name = Products;
			sourceTree = "<group>";
		};
		49883FDE2ADFAA31005A6511 /* ShootingGame */ = {
			isa = PBXGroup;
			children = (
				49981E572B217AB200329895 /* Info.plist */,
				49883FE12ADFAA31005A6511 /* GameScene.sks */,
				49883FE32ADFAA31005A6511 /* Actions.sks */,
				49883FF82ADFCDA1005A6511 /* Constants.swift */,
				49883FDF2ADFAA31005A6511 /* AppDelegate.swift */,
				49883FE72ADFAA31005A6511 /* GameViewController.swift */,
				49883FE52ADFAA31005A6511 /* GameScene.swift */,
				49430B3E2B63308D00D9B565 /* MenuScene.swift */,
				49430B3C2B632DDC00D9B565 /* ClearScene.swift */,
				49883FFA2ADFD43E005A6511 /* Player.swift */,
				49981E512B21765400329895 /* Hud.swift */,
				EC72CFEA2B25CB61002BA17D /* Boss.swift */,
				49883FE92ADFAA31005A6511 /* Main.storyboard */,
				49883FEC2ADFAA33005A6511 /* Assets.xcassets */,
				49883FEE2ADFAA33005A6511 /* LaunchScreen.storyboard */,
				49883FF62ADFB768005A6511 /* starfield.sks */,
				499D134B2AFC938100F887B5 /* playerThruster.sks */,
				499D134D2AFC94D300F887B5 /* enemyThruster.sks */,
				493A4DE32B0DB735007302A1 /* explosion.sks */,
				493A4DE52B0DB7F5007302A1 /* hit.sks */,
				49981E532B21799500329895 /* Minercraftory.ttf */,
				49A3BA702B69F321005C554B /* Sounds */,
			);
			path = ShootingGame;
			sourceTree = "<group>";
		};
		49A3BA702B69F321005C554B /* Sounds */ = {
			isa = PBXGroup;
			children = (
				49A3BA652B69F30B005C554B /* bgmMain.mp3 */,
				49A3BA662B69F30B005C554B /* bgmTitle.mp3 */,
				49A3BA672B69F30B005C554B /* fxBossFire.mp3 */,
				49A3BA642B69F30A005C554B /* fxExplosion.mp3 */,
				49A3BA692B69F30B005C554B /* fxItem.mp3 */,
				49A3BA682B69F30B005C554B /* fxPlayerFire.mp3 */,
			);
			path = Sounds;
			sourceTree = "<group>";
		};
		FAADD74DDD8CF5D3267FDF6E /* Pods */ = {
			isa = PBXGroup;
			children = (
				626BF10FA6C707F9541DEF1A /* Pods-ShootingGame.debug.xcconfig */,
				67B607702822B841CFB2A634 /* Pods-ShootingGame.release.xcconfig */,
			);
			name = Pods;
			path = Pods;
			sourceTree = "<group>";
		};
/* End PBXGroup section */

/* Begin PBXNativeTarget section */
		49883FDB2ADFAA31005A6511 /* ShootingGame */ = {
			isa = PBXNativeTarget;
			buildConfigurationList = 49883FF32ADFAA33005A6511 /* Build configuration list for PBXNativeTarget "ShootingGame" */;
			buildPhases = (
				C86FDB3C5EB0BD7A5F8E8828 /* [CP] Check Pods Manifest.lock */,
				49883FD82ADFAA31005A6511 /* Sources */,
				49883FD92ADFAA31005A6511 /* Frameworks */,
				49883FDA2ADFAA31005A6511 /* Resources */,
			);
			buildRules = (
			);
			dependencies = (
			);
			name = ShootingGame;
			productName = ShootingGame;
			productReference = 49883FDC2ADFAA31005A6511 /* ShootingGame.app */;
			productType = "com.apple.product-type.application";
		};
/* End PBXNativeTarget section */

/* Begin PBXProject section */
		49883FD42ADFAA31005A6511 /* Project object */ = {
			isa = PBXProject;
			attributes = {
				BuildIndependentTargetsInParallel = 1;
				LastSwiftUpdateCheck = 1430;
				LastUpgradeCheck = 1430;
				TargetAttributes = {
					49883FDB2ADFAA31005A6511 = {
						CreatedOnToolsVersion = 14.3.1;
					};
				};
			};
			buildConfigurationList = 49883FD72ADFAA31005A6511 /* Build configuration list for PBXProject "ShootingGame" */;
			compatibilityVersion = "Xcode 14.0";
			developmentRegion = en;
			hasScannedForEncodings = 0;
			knownRegions = (
				en,
				Base,
			);
			mainGroup = 49883FD32ADFAA31005A6511;
			productRefGroup = 49883FDD2ADFAA31005A6511 /* Products */;
			projectDirPath = "";
			projectRoot = "";
			targets = (
				49883FDB2ADFAA31005A6511 /* ShootingGame */,
			);
		};
/* End PBXProject section */

/* Begin PBXResourcesBuildPhase section */
		49883FDA2ADFAA31005A6511 /* Resources */ = {
			isa = PBXResourcesBuildPhase;
			buildActionMask = 2147483647;
			files = (
				49A3BA6A2B69F30B005C554B /* fxExplosion.mp3 in Resources */,
				49883FEB2ADFAA31005A6511 /* Main.storyboard in Resources */,
				493A4DE62B0DB7F5007302A1 /* hit.sks in Resources */,
				49883FE22ADFAA31005A6511 /* GameScene.sks in Resources */,
				49A3BA6D2B69F30B005C554B /* fxBossFire.mp3 in Resources */,
				49883FED2ADFAA33005A6511 /* Assets.xcassets in Resources */,
				493A4DE42B0DB735007302A1 /* explosion.sks in Resources */,
				49981E542B21799500329895 /* Minercraftory.ttf in Resources */,
				499D134C2AFC938100F887B5 /* playerThruster.sks in Resources */,
				49883FF02ADFAA33005A6511 /* LaunchScreen.storyboard in Resources */,
				49A3BA6F2B69F30B005C554B /* fxItem.mp3 in Resources */,
				49883FF72ADFB768005A6511 /* starfield.sks in Resources */,
				49883FE42ADFAA31005A6511 /* Actions.sks in Resources */,
				49A3BA6B2B69F30B005C554B /* bgmMain.mp3 in Resources */,
				49A3BA6C2B69F30B005C554B /* bgmTitle.mp3 in Resources */,
				499D134E2AFC94D300F887B5 /* enemyThruster.sks in Resources */,
				49A3BA6E2B69F30B005C554B /* fxPlayerFire.mp3 in Resources */,
			);
			runOnlyForDeploymentPostprocessing = 0;
		};
/* End PBXResourcesBuildPhase section */

/* Begin PBXShellScriptBuildPhase section */
		C86FDB3C5EB0BD7A5F8E8828 /* [CP] Check Pods Manifest.lock */ = {
			isa = PBXShellScriptBuildPhase;
			buildActionMask = 2147483647;
			files = (
			);
			inputFileListPaths = (
			);
			inputPaths = (
				"${PODS_PODFILE_DIR_PATH}/Podfile.lock",
				"${PODS_ROOT}/Manifest.lock",
			);
			name = "[CP] Check Pods Manifest.lock";
			outputFileListPaths = (
			);
			outputPaths = (
				"$(DERIVED_FILE_DIR)/Pods-ShootingGame-checkManifestLockResult.txt",
			);
			runOnlyForDeploymentPostprocessing = 0;
			shellPath = /bin/sh;
			shellScript = "diff \"${PODS_PODFILE_DIR_PATH}/Podfile.lock\" \"${PODS_ROOT}/Manifest.lock\" > /dev/null\nif [ $? != 0 ] ; then\n    # print error to STDERR\n    echo \"error: The sandbox is not in sync with the Podfile.lock. Run 'pod install' or update your CocoaPods installation.\" >&2\n    exit 1\nfi\n# This output is used by Xcode 'outputs' to avoid re-running this script phase.\necho \"SUCCESS\" > \"${SCRIPT_OUTPUT_FILE_0}\"\n";
			showEnvVarsInLog = 0;
		};
/* End PBXShellScriptBuildPhase section */

/* Begin PBXSourcesBuildPhase section */
		49883FD82ADFAA31005A6511 /* Sources */ = {
			isa = PBXSourcesBuildPhase;
			buildActionMask = 2147483647;
			files = (
				49430B3D2B632DDC00D9B565 /* ClearScene.swift in Sources */,
				49883FE62ADFAA31005A6511 /* GameScene.swift in Sources */,
				49883FE82ADFAA31005A6511 /* GameViewController.swift in Sources */,
				49430B3F2B63308D00D9B565 /* MenuScene.swift in Sources */,
				EC72CFEB2B25CB61002BA17D /* Boss.swift in Sources */,
				49883FE02ADFAA31005A6511 /* AppDelegate.swift in Sources */,
				49883FFB2ADFD43E005A6511 /* Player.swift in Sources */,
				49883FF92ADFCDA1005A6511 /* Constants.swift in Sources */,
				49981E522B21765400329895 /* Hud.swift in Sources */,
			);
			runOnlyForDeploymentPostprocessing = 0;
		};
/* End PBXSourcesBuildPhase section */

/* Begin PBXVariantGroup section */
		49883FE92ADFAA31005A6511 /* Main.storyboard */ = {
			isa = PBXVariantGroup;
			children = (
				49883FEA2ADFAA31005A6511 /* Base */,
			);
			name = Main.storyboard;
			sourceTree = "<group>";
		};
		49883FEE2ADFAA33005A6511 /* LaunchScreen.storyboard */ = {
			isa = PBXVariantGroup;
			children = (
				49883FEF2ADFAA33005A6511 /* Base */,
			);
			name = LaunchScreen.storyboard;
			sourceTree = "<group>";
		};
/* End PBXVariantGroup section */

/* Begin XCBuildConfiguration section */
		49883FF12ADFAA33005A6511 /* Debug */ = {
			isa = XCBuildConfiguration;
			buildSettings = {
				ALWAYS_SEARCH_USER_PATHS = NO;
				CLANG_ANALYZER_NONNULL = YES;
				CLANG_ANALYZER_NUMBER_OBJECT_CONVERSION = YES_AGGRESSIVE;
				CLANG_CXX_LANGUAGE_STANDARD = "gnu++20";
				CLANG_ENABLE_MODULES = YES;
				CLANG_ENABLE_OBJC_ARC = YES;
				CLANG_ENABLE_OBJC_WEAK = YES;
				CLANG_WARN_BLOCK_CAPTURE_AUTORELEASING = YES;
				CLANG_WARN_BOOL_CONVERSION = YES;
				CLANG_WARN_COMMA = YES;
				CLANG_WARN_CONSTANT_CONVERSION = YES;
				CLANG_WARN_DEPRECATED_OBJC_IMPLEMENTATIONS = YES;
				CLANG_WARN_DIRECT_OBJC_ISA_USAGE = YES_ERROR;
				CLANG_WARN_DOCUMENTATION_COMMENTS = YES;
				CLANG_WARN_EMPTY_BODY = YES;
				CLANG_WARN_ENUM_CONVERSION = YES;
				CLANG_WARN_INFINITE_RECURSION = YES;
				CLANG_WARN_INT_CONVERSION = YES;
				CLANG_WARN_NON_LITERAL_NULL_CONVERSION = YES;
				CLANG_WARN_OBJC_IMPLICIT_RETAIN_SELF = YES;
				CLANG_WARN_OBJC_LITERAL_CONVERSION = YES;
				CLANG_WARN_OBJC_ROOT_CLASS = YES_ERROR;
				CLANG_WARN_QUOTED_INCLUDE_IN_FRAMEWORK_HEADER = YES;
				CLANG_WARN_RANGE_LOOP_ANALYSIS = YES;
				CLANG_WARN_STRICT_PROTOTYPES = YES;
				CLANG_WARN_SUSPICIOUS_MOVE = YES;
				CLANG_WARN_UNGUARDED_AVAILABILITY = YES_AGGRESSIVE;
				CLANG_WARN_UNREACHABLE_CODE = YES;
				CLANG_WARN__DUPLICATE_METHOD_MATCH = YES;
				COPY_PHASE_STRIP = NO;
				DEBUG_INFORMATION_FORMAT = dwarf;
				ENABLE_STRICT_OBJC_MSGSEND = YES;
				ENABLE_TESTABILITY = YES;
				GCC_C_LANGUAGE_STANDARD = gnu11;
				GCC_DYNAMIC_NO_PIC = NO;
				GCC_NO_COMMON_BLOCKS = YES;
				GCC_OPTIMIZATION_LEVEL = 0;
				GCC_PREPROCESSOR_DEFINITIONS = (
					"DEBUG=1",
					"$(inherited)",
				);
				GCC_WARN_64_TO_32_BIT_CONVERSION = YES;
				GCC_WARN_ABOUT_RETURN_TYPE = YES_ERROR;
				GCC_WARN_UNDECLARED_SELECTOR = YES;
				GCC_WARN_UNINITIALIZED_AUTOS = YES_AGGRESSIVE;
				GCC_WARN_UNUSED_FUNCTION = YES;
				GCC_WARN_UNUSED_VARIABLE = YES;
				IPHONEOS_DEPLOYMENT_TARGET = 16.4;
				MTL_ENABLE_DEBUG_INFO = INCLUDE_SOURCE;
				MTL_FAST_MATH = YES;
				ONLY_ACTIVE_ARCH = YES;
				SDKROOT = iphoneos;
				SWIFT_ACTIVE_COMPILATION_CONDITIONS = DEBUG;
				SWIFT_OPTIMIZATION_LEVEL = "-Onone";
			};
			name = Debug;
		};
		49883FF22ADFAA33005A6511 /* Release */ = {
			isa = XCBuildConfiguration;
			buildSettings = {
				ALWAYS_SEARCH_USER_PATHS = NO;
				CLANG_ANALYZER_NONNULL = YES;
				CLANG_ANALYZER_NUMBER_OBJECT_CONVERSION = YES_AGGRESSIVE;
				CLANG_CXX_LANGUAGE_STANDARD = "gnu++20";
				CLANG_ENABLE_MODULES = YES;
				CLANG_ENABLE_OBJC_ARC = YES;
				CLANG_ENABLE_OBJC_WEAK = YES;
				CLANG_WARN_BLOCK_CAPTURE_AUTORELEASING = YES;
				CLANG_WARN_BOOL_CONVERSION = YES;
				CLANG_WARN_COMMA = YES;
				CLANG_WARN_CONSTANT_CONVERSION = YES;
				CLANG_WARN_DEPRECATED_OBJC_IMPLEMENTATIONS = YES;
				CLANG_WARN_DIRECT_OBJC_ISA_USAGE = YES_ERROR;
				CLANG_WARN_DOCUMENTATION_COMMENTS = YES;
				CLANG_WARN_EMPTY_BODY = YES;
				CLANG_WARN_ENUM_CONVERSION = YES;
				CLANG_WARN_INFINITE_RECURSION = YES;
				CLANG_WARN_INT_CONVERSION = YES;
				CLANG_WARN_NON_LITERAL_NULL_CONVERSION = YES;
				CLANG_WARN_OBJC_IMPLICIT_RETAIN_SELF = YES;
				CLANG_WARN_OBJC_LITERAL_CONVERSION = YES;
				CLANG_WARN_OBJC_ROOT_CLASS = YES_ERROR;
				CLANG_WARN_QUOTED_INCLUDE_IN_FRAMEWORK_HEADER = YES;
				CLANG_WARN_RANGE_LOOP_ANALYSIS = YES;
				CLANG_WARN_STRICT_PROTOTYPES = YES;
				CLANG_WARN_SUSPICIOUS_MOVE = YES;
				CLANG_WARN_UNGUARDED_AVAILABILITY = YES_AGGRESSIVE;
				CLANG_WARN_UNREACHABLE_CODE = YES;
				CLANG_WARN__DUPLICATE_METHOD_MATCH = YES;
				COPY_PHASE_STRIP = NO;
				DEBUG_INFORMATION_FORMAT = "dwarf-with-dsym";
				ENABLE_NS_ASSERTIONS = NO;
				ENABLE_STRICT_OBJC_MSGSEND = YES;
				GCC_C_LANGUAGE_STANDARD = gnu11;
				GCC_NO_COMMON_BLOCKS = YES;
				GCC_WARN_64_TO_32_BIT_CONVERSION = YES;
				GCC_WARN_ABOUT_RETURN_TYPE = YES_ERROR;
				GCC_WARN_UNDECLARED_SELECTOR = YES;
				GCC_WARN_UNINITIALIZED_AUTOS = YES_AGGRESSIVE;
				GCC_WARN_UNUSED_FUNCTION = YES;
				GCC_WARN_UNUSED_VARIABLE = YES;
				IPHONEOS_DEPLOYMENT_TARGET = 16.4;
				MTL_ENABLE_DEBUG_INFO = NO;
				MTL_FAST_MATH = YES;
				SDKROOT = iphoneos;
				SWIFT_COMPILATION_MODE = wholemodule;
				SWIFT_OPTIMIZATION_LEVEL = "-O";
				VALIDATE_PRODUCT = YES;
			};
			name = Release;
		};
		49883FF42ADFAA33005A6511 /* Debug */ = {
			isa = XCBuildConfiguration;
			baseConfigurationReference = 626BF10FA6C707F9541DEF1A /* Pods-ShootingGame.debug.xcconfig */;
			buildSettings = {
				ASSETCATALOG_COMPILER_APPICON_NAME = AppIcon;
				ASSETCATALOG_COMPILER_GLOBAL_ACCENT_COLOR_NAME = AccentColor;
				CODE_SIGN_STYLE = Automatic;
				CURRENT_PROJECT_VERSION = 1;
				DEVELOPMENT_TEAM = K56Y5ZYVB7;
				GENERATE_INFOPLIST_FILE = YES;
				INFOPLIST_FILE = ShootingGame/Info.plist;
				INFOPLIST_KEY_UIApplicationSupportsIndirectInputEvents = YES;
				INFOPLIST_KEY_UILaunchStoryboardName = LaunchScreen;
				INFOPLIST_KEY_UIMainStoryboardFile = Main;
				INFOPLIST_KEY_UIStatusBarHidden = YES;
				INFOPLIST_KEY_UISupportedInterfaceOrientations = UIInterfaceOrientationPortrait;
				INFOPLIST_KEY_UISupportedInterfaceOrientations_iPad = "UIInterfaceOrientationLandscapeLeft UIInterfaceOrientationLandscapeRight UIInterfaceOrientationPortrait UIInterfaceOrientationPortraitUpsideDown";
				IPHONEOS_DEPLOYMENT_TARGET = 15.0;
				LD_RUNPATH_SEARCH_PATHS = (
					"$(inherited)",
					"@executable_path/Frameworks",
				);
				MARKETING_VERSION = 1.0;
				PRODUCT_BUNDLE_IDENTIFIER = com.tester.spritekitproj01.ShootingGame;
				PRODUCT_NAME = "$(TARGET_NAME)";
				SWIFT_EMIT_LOC_STRINGS = YES;
				SWIFT_VERSION = 5.0;
				TARGETED_DEVICE_FAMILY = "1,2";
			};
			name = Debug;
		};
		49883FF52ADFAA33005A6511 /* Release */ = {
			isa = XCBuildConfiguration;
			baseConfigurationReference = 67B607702822B841CFB2A634 /* Pods-ShootingGame.release.xcconfig */;
			buildSettings = {
				ASSETCATALOG_COMPILER_APPICON_NAME = AppIcon;
				ASSETCATALOG_COMPILER_GLOBAL_ACCENT_COLOR_NAME = AccentColor;
				CODE_SIGN_IDENTITY = "iPhone Distribution";
				CODE_SIGN_STYLE = Automatic;
				CURRENT_PROJECT_VERSION = 1;
				DEVELOPMENT_TEAM = K56Y5ZYVB7;
				GENERATE_INFOPLIST_FILE = YES;
				INFOPLIST_FILE = ShootingGame/Info.plist;
				INFOPLIST_KEY_UIApplicationSupportsIndirectInputEvents = YES;
				INFOPLIST_KEY_UILaunchStoryboardName = LaunchScreen;
				INFOPLIST_KEY_UIMainStoryboardFile = Main;
				INFOPLIST_KEY_UIStatusBarHidden = YES;
				INFOPLIST_KEY_UISupportedInterfaceOrientations = UIInterfaceOrientationPortrait;
				INFOPLIST_KEY_UISupportedInterfaceOrientations_iPad = "UIInterfaceOrientationLandscapeLeft UIInterfaceOrientationLandscapeRight UIInterfaceOrientationPortrait UIInterfaceOrientationPortraitUpsideDown";
				IPHONEOS_DEPLOYMENT_TARGET = 15.0;
				LD_RUNPATH_SEARCH_PATHS = (
					"$(inherited)",
					"@executable_path/Frameworks",
				);
				MARKETING_VERSION = 1.0;
				PRODUCT_BUNDLE_IDENTIFIER = com.tester.spritekitproj01.ShootingGame;
				PRODUCT_NAME = "$(TARGET_NAME)";
				SWIFT_EMIT_LOC_STRINGS = YES;
				SWIFT_VERSION = 5.0;
				TARGETED_DEVICE_FAMILY = "1,2";
			};
			name = Release;
		};
/* End XCBuildConfiguration section */

/* Begin XCConfigurationList section */
		49883FD72ADFAA31005A6511 /* Build configuration list for PBXProject "ShootingGame" */ = {
			isa = XCConfigurationList;
			buildConfigurations = (
				49883FF12ADFAA33005A6511 /* Debug */,
				49883FF22ADFAA33005A6511 /* Release */,
			);
			defaultConfigurationIsVisible = 0;
			defaultConfigurationName = Release;
		};
		49883FF32ADFAA33005A6511 /* Build configuration list for PBXNativeTarget "ShootingGame" */ = {
			isa = XCConfigurationList;
			buildConfigurations = (
				49883FF42ADFAA33005A6511 /* Debug */,
				49883FF52ADFAA33005A6511 /* Release */,
			);
			defaultConfigurationIsVisible = 0;
			defaultConfigurationName = Release;
		};
/* End XCConfigurationList section */
	};
	rootObject = 49883FD42ADFAA31005A6511 /* Project object */;
}
